
Microsoft Visual Studio Solution File, Format Version 12.00
# Visual Studio Version 17
VisualStudioVersion = 17.5.33530.505
MinimumVisualStudioVersion = 10.0.40219.1
Project("{FAE04EC0-301F-11D3-BF4B-00C04F79EFBC}") = "First", "First\First.csproj", "{2A499E8D-E52C-45A4-98E3-F133FF3C5318}"
EndProject
Global
	GlobalSection(SolutionConfigurationPlatforms) = preSolution
		Debug|Any CPU = Debug|Any CPU
		Release|Any CPU = Release|Any CPU
	EndGlobalSection
	GlobalSection(ProjectConfigurationPlatforms) = postSolution
		{2A499E8D-E52C-45A4-98E3-F133FF3C5318}.Debug|Any CPU.ActiveCfg = Debug|Any CPU
		{2A499E8D-E52C-45A4-98E3-F133FF3C5318}.Debug|Any CPU.Build.0 = Debug|Any CPU
		{2A499E8D-E52C-45A4-98E3-F133FF3C5318}.Release|Any CPU.ActiveCfg = Release|Any CPU
		{2A499E8D-E52C-45A4-98E3-F133FF3C5318}.Release|Any CPU.Build.0 = Release|Any CPU
	EndGlobalSection
	GlobalSection(SolutionProperties) = preSolution
		HideSolutionNode = FALSE
	EndGlobalSection
	GlobalSection(ExtensibilityGlobals) = postSolution
		SolutionGuid = {4B1A23B2-3773-4B6F-A7E6-BB1C8F5C5084}
	EndGlobalSection
EndGlobal
